
Microsoft Visual Studio Solution File, Format Version 12.00
# Visual Studio Version 16
VisualStudioVersion = 16.0.32106.194
MinimumVisualStudioVersion = 10.0.40219.1
Project("{888888A0-9F3D-457C-B088-3A5042F75D52}") = "№2_ЕГЭ", "№2_ЕГЭ.pyproj", "{8F068CAF-FB44-4505-924D-2E5D52AB25CE}"
EndProject
Global
	GlobalSection(SolutionConfigurationPlatforms) = preSolution
		Debug|Any CPU = Debug|Any CPU
		Release|Any CPU = Release|Any CPU
	EndGlobalSection
	GlobalSection(ProjectConfigurationPlatforms) = postSolution
		{8F068CAF-FB44-4505-924D-2E5D52AB25CE}.Debug|Any CPU.ActiveCfg = Debug|Any CPU
		{8F068CAF-FB44-4505-924D-2E5D52AB25CE}.Release|Any CPU.ActiveCfg = Release|Any CPU
	EndGlobalSection
	GlobalSection(SolutionProperties) = preSolution
		HideSolutionNode = FALSE
	EndGlobalSection
	GlobalSection(ExtensibilityGlobals) = postSolution
		SolutionGuid = {EAF86023-8034-43CA-8247-7F55E694EC75}
	EndGlobalSection
EndGlobal
